
Microsoft Visual Studio Solution File, Format Version 12.00
# Visual Studio Version 16
VisualStudioVersion = 16.0.31410.357
MinimumVisualStudioVersion = 10.0.40219.1
Project("{FAE04EC0-301F-11D3-BF4B-00C04F79EFBC}") = "csharp essentials", "csharp essentials\csharp essentials.csproj", "{DDA7F608-3C92-4A1F-8617-53D806B0EF45}"
EndProject
Project("{FAE04EC0-301F-11D3-BF4B-00C04F79EFBC}") = "Bodymassindex", "Bodymassindex\Bodymassindex.csproj", "{DC491361-C908-4458-A767-67293C7E16EA}"
EndProject
Global
	GlobalSection(SolutionConfigurationPlatforms) = preSolution
		Debug|Any CPU = Debug|Any CPU
		Release|Any CPU = Release|Any CPU
	EndGlobalSection
	GlobalSection(ProjectConfigurationPlatforms) = postSolution
		{DDA7F608-3C92-4A1F-8617-53D806B0EF45}.Debug|Any CPU.ActiveCfg = Debug|Any CPU
		{DDA7F608-3C92-4A1F-8617-53D806B0EF45}.Debug|Any CPU.Build.0 = Debug|Any CPU
		{DDA7F608-3C92-4A1F-8617-53D806B0EF45}.Release|Any CPU.ActiveCfg = Release|Any CPU
		{DDA7F608-3C92-4A1F-8617-53D806B0EF45}.Release|Any CPU.Build.0 = Release|Any CPU
		{DC491361-C908-4458-A767-67293C7E16EA}.Debug|Any CPU.ActiveCfg = Debug|Any CPU
		{DC491361-C908-4458-A767-67293C7E16EA}.Debug|Any CPU.Build.0 = Debug|Any CPU
		{DC491361-C908-4458-A767-67293C7E16EA}.Release|Any CPU.ActiveCfg = Release|Any CPU
		{DC491361-C908-4458-A767-67293C7E16EA}.Release|Any CPU.Build.0 = Release|Any CPU
	EndGlobalSection
	GlobalSection(SolutionProperties) = preSolution
		HideSolutionNode = FALSE
	EndGlobalSection
	GlobalSection(ExtensibilityGlobals) = postSolution
		SolutionGuid = {279EF2BD-E15E-4529-8E84-D6A45679DD8D}
	EndGlobalSection
EndGlobal
